
Microsoft Visual Studio Solution File, Format Version 12.00
# Visual Studio 15
VisualStudioVersion = 15.0.28307.1500
MinimumVisualStudioVersion = 10.0.40219.1
Project("{FAE04EC0-301F-11D3-BF4B-00C04F79EFBC}") = "MinimalNTwain", "MinimalNTwain\MinimalNTwain.csproj", "{FD1757B5-167C-404C-B371-43F673C6BE21}"
EndProject
Global
	GlobalSection(SolutionConfigurationPlatforms) = preSolution
		Debug|Any CPU = Debug|Any CPU
		Release|Any CPU = Release|Any CPU
	EndGlobalSection
	GlobalSection(ProjectConfigurationPlatforms) = postSolution
		{FD1757B5-167C-404C-B371-43F673C6BE21}.Debug|Any CPU.ActiveCfg = Debug|Any CPU
		{FD1757B5-167C-404C-B371-43F673C6BE21}.Debug|Any CPU.Build.0 = Debug|Any CPU
		{FD1757B5-167C-404C-B371-43F673C6BE21}.Release|Any CPU.ActiveCfg = Release|Any CPU
		{FD1757B5-167C-404C-B371-43F673C6BE21}.Release|Any CPU.Build.0 = Release|Any CPU
	EndGlobalSection
	GlobalSection(SolutionProperties) = preSolution
		HideSolutionNode = FALSE
	EndGlobalSection
	GlobalSection(ExtensibilityGlobals) = postSolution
		SolutionGuid = {8987354C-3B99-417B-BBE7-13E2BCF863E4}
	EndGlobalSection
EndGlobal
